// !$*UTF8*$!
{
	archiveVersion = 1;
	classes = {
	};
	objectVersion = 50;
	objects = {

/* Begin PBXBuildFile section */
		A408ABBE215F5E0700B510A6 /* AppDelegate.m in Sources */ = {isa = PBXBuildFile; fileRef = A408ABBD215F5E0700B510A6 /* AppDelegate.m */; };
		A408ABC1215F5E0700B510A6 /* ViewController.m in Sources */ = {isa = PBXBuildFile; fileRef = A408ABC0215F5E0700B510A6 /* ViewController.m */; };
		A408ABC4215F5E0700B510A6 /* Main.storyboard in Resources */ = {isa = PBXBuildFile; fileRef = A408ABC2215F5E0700B510A6 /* Main.storyboard */; };
		A408ABC6215F5E0800B510A6 /* Assets.xcassets in Resources */ = {isa = PBXBuildFile; fileRef = A408ABC5215F5E0800B510A6 /* Assets.xcassets */; };
		A408ABC9215F5E0800B510A6 /* LaunchScreen.storyboard in Resources */ = {isa = PBXBuildFile; fileRef = A408ABC7215F5E0800B510A6 /* LaunchScreen.storyboard */; };
		A408ABCC215F5E0800B510A6 /* main.m in Sources */ = {isa = PBXBuildFile; fileRef = A408ABCB215F5E0800B510A6 /* main.m */; };
		A408ABE4215F704200B510A6 /* ViewController+Exchange.m in Sources */ = {isa = PBXBuildFile; fileRef = A408ABE3215F704200B510A6 /* ViewController+Exchange.m */; };
		A408ABE7215F796700B510A6 /* Person.m in Sources */ = {isa = PBXBuildFile; fileRef = A408ABE6215F796700B510A6 /* Person.m */; };
/* End PBXBuildFile section */

/* Begin PBXFileReference section */
		A408ABB9215F5E0700B510A6 /* runtime04.app */ = {isa = PBXFileReference; explicitFileType = wrapper.application; includeInIndex = 0; path = runtime04.app; sourceTree = BUILT_PRODUCTS_DIR; };
		A408ABBC215F5E0700B510A6 /* AppDelegate.h */ = {isa = PBXFileReference; lastKnownFileType = sourcecode.c.h; path = AppDelegate.h; sourceTree = "<group>"; };
		A408ABBD215F5E0700B510A6 /* AppDelegate.m */ = {isa = PBXFileReference; lastKnownFileType = sourcecode.c.objc; path = AppDelegate.m; sourceTree = "<group>"; };
		A408ABBF215F5E0700B510A6 /* ViewController.h */ = {isa = PBXFileReference; lastKnownFileType = sourcecode.c.h; path = ViewController.h; sourceTree = "<group>"; };
		A408ABC0215F5E0700B510A6 /* ViewController.m */ = {isa = PBXFileReference; lastKnownFileType = sourcecode.c.objc; path = ViewController.m; sourceTree = "<group>"; };
		A408ABC3215F5E0700B510A6 /* Base */ = {isa = PBXFileReference; lastKnownFileType = file.storyboard; name = Base; path = Base.lproj/Main.storyboard; sourceTree = "<group>"; };
		A408ABC5215F5E0800B510A6 /* Assets.xcassets */ = {isa = PBXFileReference; lastKnownFileType = folder.assetcatalog; path = Assets.xcassets; sourceTree = "<group>"; };
		A408ABC8215F5E0800B510A6 /* Base */ = {isa = PBXFileReference; lastKnownFileType = file.storyboard; name = Base; path = Base.lproj/LaunchScreen.storyboard; sourceTree = "<group>"; };
		A408ABCA215F5E0800B510A6 /* Info.plist */ = {isa = PBXFileReference; lastKnownFileType = text.plist.xml; path = Info.plist; sourceTree = "<group>"; };
		A408ABCB215F5E0800B510A6 /* main.m */ = {isa = PBXFileReference; lastKnownFileType = sourcecode.c.objc; path = main.m; sourceTree = "<group>"; };
		A408ABE2215F704200B510A6 /* ViewController+Exchange.h */ = {isa = PBXFileReference; lastKnownFileType = sourcecode.c.h; path = "ViewController+Exchange.h"; sourceTree = "<group>"; };
		A408ABE3215F704200B510A6 /* ViewController+Exchange.m */ = {isa = PBXFileReference; lastKnownFileType = sourcecode.c.objc; path = "ViewController+Exchange.m"; sourceTree = "<group>"; };
		A408ABE5215F796700B510A6 /* Person.h */ = {isa = PBXFileReference; lastKnownFileType = sourcecode.c.h; path = Person.h; sourceTree = "<group>"; };
		A408ABE6215F796700B510A6 /* Person.m */ = {isa = PBXFileReference; lastKnownFileType = sourcecode.c.objc; path = Person.m; sourceTree = "<group>"; };
/* End PBXFileReference section */

/* Begin PBXFrameworksBuildPhase section */
		A408ABB6215F5E0700B510A6 /* Frameworks */ = {
			isa = PBXFrameworksBuildPhase;
			buildActionMask = 2147483647;
			files = (
			);
			runOnlyForDeploymentPostprocessing = 0;
		};
/* End PBXFrameworksBuildPhase section */

/* Begin PBXGroup section */
		A408ABB0215F5E0700B510A6 = {
			isa = PBXGroup;
			children = (
				A408ABBB215F5E0700B510A6 /* runtime04 */,
				A408ABBA215F5E0700B510A6 /* Products */,
			);
			sourceTree = "<group>";
		};
		A408ABBA215F5E0700B510A6 /* Products */ = {
			isa = PBXGroup;
			children = (
				A408ABB9215F5E0700B510A6 /* runtime04.app */,
			);
			name = Products;
			sourceTree = "<group>";
		};
		A408ABBB215F5E0700B510A6 /* runtime04 */ = {
			isa = PBXGroup;
			children = (
				A408ABBC215F5E0700B510A6 /* AppDelegate.h */,
				A408ABBD215F5E0700B510A6 /* AppDelegate.m */,
				A408ABBF215F5E0700B510A6 /* ViewController.h */,
				A408ABC0215F5E0700B510A6 /* ViewController.m */,
				A408ABE5215F796700B510A6 /* Person.h */,
				A408ABE6215F796700B510A6 /* Person.m */,
				A408ABE2215F704200B510A6 /* ViewController+Exchange.h */,
				A408ABE3215F704200B510A6 /* ViewController+Exchange.m */,
				A408ABC2215F5E0700B510A6 /* Main.storyboard */,
				A408ABC5215F5E0800B510A6 /* Assets.xcassets */,
				A408ABC7215F5E0800B510A6 /* LaunchScreen.storyboard */,
				A408ABCA215F5E0800B510A6 /* Info.plist */,
				A408ABCB215F5E0800B510A6 /* main.m */,
			);
			path = runtime04;
			sourceTree = "<group>";
		};
/* End PBXGroup section */

/* Begin PBXNativeTarget section */
		A408ABB8215F5E0700B510A6 /* runtime04 */ = {
			isa = PBXNativeTarget;
			buildConfigurationList = A408ABCF215F5E0800B510A6 /* Build configuration list for PBXNativeTarget "runtime04" */;
			buildPhases = (
				A408ABB5215F5E0700B510A6 /* Sources */,
				A408ABB6215F5E0700B510A6 /* Frameworks */,
				A408ABB7215F5E0700B510A6 /* Resources */,
			);
			buildRules = (
			);
			dependencies = (
			);
			name = runtime04;
			productName = runtime04;
			productReference = A408ABB9215F5E0700B510A6 /* runtime04.app */;
			productType = "com.apple.product-type.application";
		};
/* End PBXNativeTarget section */

/* Begin PBXProject section */
		A408ABB1215F5E0700B510A6 /* Project object */ = {
			isa = PBXProject;
			attributes = {
				LastUpgradeCheck = 0940;
				ORGANIZATIONNAME = "Yuan Le";
				TargetAttributes = {
					A408ABB8215F5E0700B510A6 = {
						CreatedOnToolsVersion = 9.4.1;
					};
				};
			};
			buildConfigurationList = A408ABB4215F5E0700B510A6 /* Build configuration list for PBXProject "runtime04" */;
			compatibilityVersion = "Xcode 9.3";
			developmentRegion = en;
			hasScannedForEncodings = 0;
			knownRegions = (
				en,
				Base,
			);
			mainGroup = A408ABB0215F5E0700B510A6;
			productRefGroup = A408ABBA215F5E0700B510A6 /* Products */;
			projectDirPath = "";
			projectRoot = "";
			targets = (
				A408ABB8215F5E0700B510A6 /* runtime04 */,
			);
		};
/* End PBXProject section */

/* Begin PBXResourcesBuildPhase section */
		A408ABB7215F5E0700B510A6 /* Resources */ = {
			isa = PBXResourcesBuildPhase;
			buildActionMask = 2147483647;
			files = (
				A408ABC9215F5E0800B510A6 /* LaunchScreen.storyboard in Resources */,
				A408ABC6215F5E0800B510A6 /* Assets.xcassets in Resources */,
				A408ABC4215F5E0700B510A6 /* Main.storyboard in Resources */,
			);
			runOnlyForDeploymentPostprocessing = 0;
		};
/* End PBXResourcesBuildPhase section */

/* Begin PBXSourcesBuildPhase section */
		A408ABB5215F5E0700B510A6 /* Sources */ = {
			isa = PBXSourcesBuildPhase;
			buildActionMask = 2147483647;
			files = (
				A408ABC1215F5E0700B510A6 /* ViewController.m in Sources */,
				A408ABE4215F704200B510A6 /* ViewController+Exchange.m in Sources */,
				A408ABE7215F796700B510A6 /* Person.m in Sources */,
				A408ABCC215F5E0800B510A6 /* main.m in Sources */,
				A408ABBE215F5E0700B510A6 /* AppDelegate.m in Sources */,
			);
			runOnlyForDeploymentPostprocessing = 0;
		};
/* End PBXSourcesBuildPhase section */

/* Begin PBXVariantGroup section */
		A408ABC2215F5E0700B510A6 /* Main.storyboard */ = {
			isa = PBXVariantGroup;
			children = (
				A408ABC3215F5E0700B510A6 /* Base */,
			);
			name = Main.storyboard;
			sourceTree = "<group>";
		};
		A408ABC7215F5E0800B510A6 /* LaunchScreen.storyboard */ = {
			isa = PBXVariantGroup;
			children = (
				A408ABC8215F5E0800B510A6 /* Base */,
			);
			name = LaunchScreen.storyboard;
			sourceTree = "<group>";
		};
/* End PBXVariantGroup section */

/* Begin XCBuildConfiguration section */
		A408ABCD215F5E0800B510A6 /* Debug */ = {
			isa = XCBuildConfiguration;
			buildSettings = {
				ALWAYS_SEARCH_USER_PATHS = NO;
				CLANG_ANALYZER_NONNULL = YES;
				CLANG_ANALYZER_NUMBER_OBJECT_CONVERSION = YES_AGGRESSIVE;
				CLANG_CXX_LANGUAGE_STANDARD = "gnu++14";
				CLANG_CXX_LIBRARY = "libc++";
				CLANG_ENABLE_MODULES = YES;
				CLANG_ENABLE_OBJC_ARC = YES;
				CLANG_ENABLE_OBJC_WEAK = YES;
				CLANG_WARN_BLOCK_CAPTURE_AUTORELEASING = YES;
				CLANG_WARN_BOOL_CONVERSION = YES;
				CLANG_WARN_COMMA = YES;
				CLANG_WARN_CONSTANT_CONVERSION = YES;
				CLANG_WARN_DEPRECATED_OBJC_IMPLEMENTATIONS = YES;
				CLANG_WARN_DIRECT_OBJC_ISA_USAGE = YES_ERROR;
				CLANG_WARN_DOCUMENTATION_COMMENTS = YES;
				CLANG_WARN_EMPTY_BODY = YES;
				CLANG_WARN_ENUM_CONVERSION = YES;
				CLANG_WARN_INFINITE_RECURSION = YES;
				CLANG_WARN_INT_CONVERSION = YES;
				CLANG_WARN_NON_LITERAL_NULL_CONVERSION = YES;
				CLANG_WARN_OBJC_IMPLICIT_RETAIN_SELF = YES;
				CLANG_WARN_OBJC_LITERAL_CONVERSION = YES;
				CLANG_WARN_OBJC_ROOT_CLASS = YES_ERROR;
				CLANG_WARN_RANGE_LOOP_ANALYSIS = YES;
				CLANG_WARN_STRICT_PROTOTYPES = YES;
				CLANG_WARN_SUSPICIOUS_MOVE = YES;
				CLANG_WARN_UNGUARDED_AVAILABILITY = YES_AGGRESSIVE;
				CLANG_WARN_UNREACHABLE_CODE = YES;
				CLANG_WARN__DUPLICATE_METHOD_MATCH = YES;
				CODE_SIGN_IDENTITY = "iPhone Developer";
				COPY_PHASE_STRIP = NO;
				DEBUG_INFORMATION_FORMAT = dwarf;
				ENABLE_STRICT_OBJC_MSGSEND = YES;
				ENABLE_TESTABILITY = YES;
				GCC_C_LANGUAGE_STANDARD = gnu11;
				GCC_DYNAMIC_NO_PIC = NO;
				GCC_NO_COMMON_BLOCKS = YES;
				GCC_OPTIMIZATION_LEVEL = 0;
				GCC_PREPROCESSOR_DEFINITIONS = (
					"DEBUG=1",
					"$(inherited)",
				);
				GCC_WARN_64_TO_32_BIT_CONVERSION = YES;
				GCC_WARN_ABOUT_RETURN_TYPE = YES_ERROR;
				GCC_WARN_UNDECLARED_SELECTOR = YES;
				GCC_WARN_UNINITIALIZED_AUTOS = YES_AGGRESSIVE;
				GCC_WARN_UNUSED_FUNCTION = YES;
				GCC_WARN_UNUSED_VARIABLE = YES;
				IPHONEOS_DEPLOYMENT_TARGET = 11.4;
				MTL_ENABLE_DEBUG_INFO = YES;
				ONLY_ACTIVE_ARCH = YES;
				SDKROOT = iphoneos;
			};
			name = Debug;
		};
		A408ABCE215F5E0800B510A6 /* Release */ = {
			isa = XCBuildConfiguration;
			buildSettings = {
				ALWAYS_SEARCH_USER_PATHS = NO;
				CLANG_ANALYZER_NONNULL = YES;
				CLANG_ANALYZER_NUMBER_OBJECT_CONVERSION = YES_AGGRESSIVE;
				CLANG_CXX_LANGUAGE_STANDARD = "gnu++14";
				CLANG_CXX_LIBRARY = "libc++";
				CLANG_ENABLE_MODULES = YES;
				CLANG_ENABLE_OBJC_ARC = YES;
				CLANG_ENABLE_OBJC_WEAK = YES;
				CLANG_WARN_BLOCK_CAPTURE_AUTORELEASING = YES;
				CLANG_WARN_BOOL_CONVERSION = YES;
				CLANG_WARN_COMMA = YES;
				CLANG_WARN_CONSTANT_CONVERSION = YES;
				CLANG_WARN_DEPRECATED_OBJC_IMPLEMENTATIONS = YES;
				CLANG_WARN_DIRECT_OBJC_ISA_USAGE = YES_ERROR;
				CLANG_WARN_DOCUMENTATION_COMMENTS = YES;
				CLANG_WARN_EMPTY_BODY = YES;
				CLANG_WARN_ENUM_CONVERSION = YES;
				CLANG_WARN_INFINITE_RECURSION = YES;
				CLANG_WARN_INT_CONVERSION = YES;
				CLANG_WARN_NON_LITERAL_NULL_CONVERSION = YES;
				CLANG_WARN_OBJC_IMPLICIT_RETAIN_SELF = YES;
				CLANG_WARN_OBJC_LITERAL_CONVERSION = YES;
				CLANG_WARN_OBJC_ROOT_CLASS = YES_ERROR;
				CLANG_WARN_RANGE_LOOP_ANALYSIS = YES;
				CLANG_WARN_STRICT_PROTOTYPES = YES;
				CLANG_WARN_SUSPICIOUS_MOVE = YES;
				CLANG_WARN_UNGUARDED_AVAILABILITY = YES_AGGRESSIVE;
				CLANG_WARN_UNREACHABLE_CODE = YES;
				CLANG_WARN__DUPLICATE_METHOD_MATCH = YES;
				CODE_SIGN_IDENTITY = "iPhone Developer";
				COPY_PHASE_STRIP = NO;
				DEBUG_INFORMATION_FORMAT = "dwarf-with-dsym";
				ENABLE_NS_ASSERTIONS = NO;
				ENABLE_STRICT_OBJC_MSGSEND = YES;
				GCC_C_LANGUAGE_STANDARD = gnu11;
				GCC_NO_COMMON_BLOCKS = YES;
				GCC_WARN_64_TO_32_BIT_CONVERSION = YES;
				GCC_WARN_ABOUT_RETURN_TYPE = YES_ERROR;
				GCC_WARN_UNDECLARED_SELECTOR = YES;
				GCC_WARN_UNINITIALIZED_AUTOS = YES_AGGRESSIVE;
				GCC_WARN_UNUSED_FUNCTION = YES;
				GCC_WARN_UNUSED_VARIABLE = YES;
				IPHONEOS_DEPLOYMENT_TARGET = 11.4;
				MTL_ENABLE_DEBUG_INFO = NO;
				SDKROOT = iphoneos;
				VALIDATE_PRODUCT = YES;
			};
			name = Release;
		};
		A408ABD0215F5E0800B510A6 /* Debug */ = {
			isa = XCBuildConfiguration;
			buildSettings = {
				ASSETCATALOG_COMPILER_APPICON_NAME = AppIcon;
				CODE_SIGN_STYLE = Automatic;
				DEVELOPMENT_TEAM = A8B3C25CVM;
				INFOPLIST_FILE = runtime04/Info.plist;
				LD_RUNPATH_SEARCH_PATHS = (
					"$(inherited)",
					"@executable_path/Frameworks",
				);
				PRODUCT_BUNDLE_IDENTIFIER = com.pinguo.runtime04;
				PRODUCT_NAME = "$(TARGET_NAME)";
				TARGETED_DEVICE_FAMILY = "1,2";
			};
			name = Debug;
		};
		A408ABD1215F5E0800B510A6 /* Release */ = {
			isa = XCBuildConfiguration;
			buildSettings = {
				ASSETCATALOG_COMPILER_APPICON_NAME = AppIcon;
				CODE_SIGN_STYLE = Automatic;
				DEVELOPMENT_TEAM = A8B3C25CVM;
				INFOPLIST_FILE = runtime04/Info.plist;
				LD_RUNPATH_SEARCH_PATHS = (
					"$(inherited)",
					"@executable_path/Frameworks",
				);
				PRODUCT_BUNDLE_IDENTIFIER = com.pinguo.runtime04;
				PRODUCT_NAME = "$(TARGET_NAME)";
				TARGETED_DEVICE_FAMILY = "1,2";
			};
			name = Release;
		};
/* End XCBuildConfiguration section */

/* Begin XCConfigurationList section */
		A408ABB4215F5E0700B510A6 /* Build configuration list for PBXProject "runtime04" */ = {
			isa = XCConfigurationList;
			buildConfigurations = (
				A408ABCD215F5E0800B510A6 /* Debug */,
				A408ABCE215F5E0800B510A6 /* Release */,
			);
			defaultConfigurationIsVisible = 0;
			defaultConfigurationName = Release;
		};
		A408ABCF215F5E0800B510A6 /* Build configuration list for PBXNativeTarget "runtime04" */ = {
			isa = XCConfigurationList;
			buildConfigurations = (
				A408ABD0215F5E0800B510A6 /* Debug */,
				A408ABD1215F5E0800B510A6 /* Release */,
			);
			defaultConfigurationIsVisible = 0;
			defaultConfigurationName = Release;
		};
/* End XCConfigurationList section */
	};
	rootObject = A408ABB1215F5E0700B510A6 /* Project object */;
}
